// !$*UTF8*$!
{
	archiveVersion = 1;
	classes = {
	};
	objectVersion = 50;
	objects = {

/* Begin PBXBuildFile section */
		A01833112402CA8C00D71FC7 /* AppDelegate.swift in Sources */ = {isa = PBXBuildFile; fileRef = A01833102402CA8C00D71FC7 /* AppDelegate.swift */; };
		A018331A2402CA8D00D71FC7 /* Assets.xcassets in Resources */ = {isa = PBXBuildFile; fileRef = A01833192402CA8D00D71FC7 /* Assets.xcassets */; };
		A018331D2402CA8D00D71FC7 /* LaunchScreen.storyboard in Resources */ = {isa = PBXBuildFile; fileRef = A018331B2402CA8D00D71FC7 /* LaunchScreen.storyboard */; };
		A01833282402CA8E00D71FC7 /* DrawerTests.swift in Sources */ = {isa = PBXBuildFile; fileRef = A01833272402CA8E00D71FC7 /* DrawerTests.swift */; };
		A01833332402CA8E00D71FC7 /* DrawerUITests.swift in Sources */ = {isa = PBXBuildFile; fileRef = A01833322402CA8E00D71FC7 /* DrawerUITests.swift */; };
		A01833422402CAE600D71FC7 /* Drawer.swift in Sources */ = {isa = PBXBuildFile; fileRef = A01833412402CAE600D71FC7 /* Drawer.swift */; };
		A01833472402D0A600D71FC7 /* HomeViewController.swift in Sources */ = {isa = PBXBuildFile; fileRef = A01833452402D0A600D71FC7 /* HomeViewController.swift */; };
		A01833482402D0A600D71FC7 /* HomeViewController.xib in Resources */ = {isa = PBXBuildFile; fileRef = A01833462402D0A600D71FC7 /* HomeViewController.xib */; };
		A018334C2402D4AA00D71FC7 /* HomePageFlowLayout.swift in Sources */ = {isa = PBXBuildFile; fileRef = A018334B2402D4AA00D71FC7 /* HomePageFlowLayout.swift */; };
		A018334F2402E89C00D71FC7 /* HomePagePlainCVCell.swift in Sources */ = {isa = PBXBuildFile; fileRef = A018334D2402E89C00D71FC7 /* HomePagePlainCVCell.swift */; };
		A01833502402E89C00D71FC7 /* HomePagePlainCVCell.xib in Resources */ = {isa = PBXBuildFile; fileRef = A018334E2402E89C00D71FC7 /* HomePagePlainCVCell.xib */; };
		A01833522402EB1F00D71FC7 /* UIView+layer.swift in Sources */ = {isa = PBXBuildFile; fileRef = A01833512402EB1F00D71FC7 /* UIView+layer.swift */; };
		A01833542402F02C00D71FC7 /* DrawerDefine.swift in Sources */ = {isa = PBXBuildFile; fileRef = A01833532402F02C00D71FC7 /* DrawerDefine.swift */; };
		A01833582402F2AF00D71FC7 /* BaseStyleExampleViewController.swift in Sources */ = {isa = PBXBuildFile; fileRef = A01833562402F2AF00D71FC7 /* BaseStyleExampleViewController.swift */; };
		A01833592402F2AF00D71FC7 /* BaseStyleExampleViewController.xib in Resources */ = {isa = PBXBuildFile; fileRef = A01833572402F2AF00D71FC7 /* BaseStyleExampleViewController.xib */; };
/* End PBXBuildFile section */

/* Begin PBXContainerItemProxy section */
		A01833242402CA8E00D71FC7 /* PBXContainerItemProxy */ = {
			isa = PBXContainerItemProxy;
			containerPortal = A01833052402CA8C00D71FC7 /* Project object */;
			proxyType = 1;
			remoteGlobalIDString = A018330C2402CA8C00D71FC7;
			remoteInfo = Drawer;
		};
		A018332F2402CA8E00D71FC7 /* PBXContainerItemProxy */ = {
			isa = PBXContainerItemProxy;
			containerPortal = A01833052402CA8C00D71FC7 /* Project object */;
			proxyType = 1;
			remoteGlobalIDString = A018330C2402CA8C00D71FC7;
			remoteInfo = Drawer;
		};
/* End PBXContainerItemProxy section */

/* Begin PBXFileReference section */
		A018330D2402CA8C00D71FC7 /* Drawer.app */ = {isa = PBXFileReference; explicitFileType = wrapper.application; includeInIndex = 0; path = Drawer.app; sourceTree = BUILT_PRODUCTS_DIR; };
		A01833102402CA8C00D71FC7 /* AppDelegate.swift */ = {isa = PBXFileReference; lastKnownFileType = sourcecode.swift; path = AppDelegate.swift; sourceTree = "<group>"; };
		A01833192402CA8D00D71FC7 /* Assets.xcassets */ = {isa = PBXFileReference; lastKnownFileType = folder.assetcatalog; path = Assets.xcassets; sourceTree = "<group>"; };
		A018331C2402CA8D00D71FC7 /* Base */ = {isa = PBXFileReference; lastKnownFileType = file.storyboard; name = Base; path = Base.lproj/LaunchScreen.storyboard; sourceTree = "<group>"; };
		A018331E2402CA8D00D71FC7 /* Info.plist */ = {isa = PBXFileReference; lastKnownFileType = text.plist.xml; path = Info.plist; sourceTree = "<group>"; };
		A01833232402CA8E00D71FC7 /* DrawerTests.xctest */ = {isa = PBXFileReference; explicitFileType = wrapper.cfbundle; includeInIndex = 0; path = DrawerTests.xctest; sourceTree = BUILT_PRODUCTS_DIR; };
		A01833272402CA8E00D71FC7 /* DrawerTests.swift */ = {isa = PBXFileReference; lastKnownFileType = sourcecode.swift; path = DrawerTests.swift; sourceTree = "<group>"; };
		A01833292402CA8E00D71FC7 /* Info.plist */ = {isa = PBXFileReference; lastKnownFileType = text.plist.xml; path = Info.plist; sourceTree = "<group>"; };
		A018332E2402CA8E00D71FC7 /* DrawerUITests.xctest */ = {isa = PBXFileReference; explicitFileType = wrapper.cfbundle; includeInIndex = 0; path = DrawerUITests.xctest; sourceTree = BUILT_PRODUCTS_DIR; };
		A01833322402CA8E00D71FC7 /* DrawerUITests.swift */ = {isa = PBXFileReference; lastKnownFileType = sourcecode.swift; path = DrawerUITests.swift; sourceTree = "<group>"; };
		A01833342402CA8E00D71FC7 /* Info.plist */ = {isa = PBXFileReference; lastKnownFileType = text.plist.xml; path = Info.plist; sourceTree = "<group>"; };
		A01833412402CAE600D71FC7 /* Drawer.swift */ = {isa = PBXFileReference; fileEncoding = 4; lastKnownFileType = sourcecode.swift; path = Drawer.swift; sourceTree = "<group>"; };
		A01833452402D0A600D71FC7 /* HomeViewController.swift */ = {isa = PBXFileReference; lastKnownFileType = sourcecode.swift; path = HomeViewController.swift; sourceTree = "<group>"; };
		A01833462402D0A600D71FC7 /* HomeViewController.xib */ = {isa = PBXFileReference; lastKnownFileType = file.xib; path = HomeViewController.xib; sourceTree = "<group>"; };
		A018334B2402D4AA00D71FC7 /* HomePageFlowLayout.swift */ = {isa = PBXFileReference; lastKnownFileType = sourcecode.swift; path = HomePageFlowLayout.swift; sourceTree = "<group>"; };
		A018334D2402E89C00D71FC7 /* HomePagePlainCVCell.swift */ = {isa = PBXFileReference; lastKnownFileType = sourcecode.swift; path = HomePagePlainCVCell.swift; sourceTree = "<group>"; };
		A018334E2402E89C00D71FC7 /* HomePagePlainCVCell.xib */ = {isa = PBXFileReference; lastKnownFileType = file.xib; path = HomePagePlainCVCell.xib; sourceTree = "<group>"; };
		A01833512402EB1F00D71FC7 /* UIView+layer.swift */ = {isa = PBXFileReference; lastKnownFileType = sourcecode.swift; path = "UIView+layer.swift"; sourceTree = "<group>"; };
		A01833532402F02C00D71FC7 /* DrawerDefine.swift */ = {isa = PBXFileReference; lastKnownFileType = sourcecode.swift; path = DrawerDefine.swift; sourceTree = "<group>"; };
		A01833562402F2AF00D71FC7 /* BaseStyleExampleViewController.swift */ = {isa = PBXFileReference; lastKnownFileType = sourcecode.swift; path = BaseStyleExampleViewController.swift; sourceTree = "<group>"; };
		A01833572402F2AF00D71FC7 /* BaseStyleExampleViewController.xib */ = {isa = PBXFileReference; lastKnownFileType = file.xib; path = BaseStyleExampleViewController.xib; sourceTree = "<group>"; };
/* End PBXFileReference section */

/* Begin PBXFrameworksBuildPhase section */
		A018330A2402CA8C00D71FC7 /* Frameworks */ = {
			isa = PBXFrameworksBuildPhase;
			buildActionMask = 2147483647;
			files = (
			);
			runOnlyForDeploymentPostprocessing = 0;
		};
		A01833202402CA8E00D71FC7 /* Frameworks */ = {
			isa = PBXFrameworksBuildPhase;
			buildActionMask = 2147483647;
			files = (
			);
			runOnlyForDeploymentPostprocessing = 0;
		};
		A018332B2402CA8E00D71FC7 /* Frameworks */ = {
			isa = PBXFrameworksBuildPhase;
			buildActionMask = 2147483647;
			files = (
			);
			runOnlyForDeploymentPostprocessing = 0;
		};
/* End PBXFrameworksBuildPhase section */

/* Begin PBXGroup section */
		A01833042402CA8C00D71FC7 = {
			isa = PBXGroup;
			children = (
				A018330F2402CA8C00D71FC7 /* Drawer */,
				A01833262402CA8E00D71FC7 /* DrawerTests */,
				A01833312402CA8E00D71FC7 /* DrawerUITests */,
				A018330E2402CA8C00D71FC7 /* Products */,
			);
			sourceTree = "<group>";
		};
		A018330E2402CA8C00D71FC7 /* Products */ = {
			isa = PBXGroup;
			children = (
				A018330D2402CA8C00D71FC7 /* Drawer.app */,
				A01833232402CA8E00D71FC7 /* DrawerTests.xctest */,
				A018332E2402CA8E00D71FC7 /* DrawerUITests.xctest */,
			);
			name = Products;
			sourceTree = "<group>";
		};
		A018330F2402CA8C00D71FC7 /* Drawer */ = {
			isa = PBXGroup;
			children = (
				A018334A2402D47300D71FC7 /* ExampleControllers */,
				A01833492402D46400D71FC7 /* Classes */,
				A01833402402CACE00D71FC7 /* Drawer */,
				A01833102402CA8C00D71FC7 /* AppDelegate.swift */,
				A01833452402D0A600D71FC7 /* HomeViewController.swift */,
				A01833462402D0A600D71FC7 /* HomeViewController.xib */,
				A01833192402CA8D00D71FC7 /* Assets.xcassets */,
				A018331B2402CA8D00D71FC7 /* LaunchScreen.storyboard */,
				A018331E2402CA8D00D71FC7 /* Info.plist */,
			);
			path = Drawer;
			sourceTree = "<group>";
		};
		A01833262402CA8E00D71FC7 /* DrawerTests */ = {
			isa = PBXGroup;
			children = (
				A01833272402CA8E00D71FC7 /* DrawerTests.swift */,
				A01833292402CA8E00D71FC7 /* Info.plist */,
			);
			path = DrawerTests;
			sourceTree = "<group>";
		};
		A01833312402CA8E00D71FC7 /* DrawerUITests */ = {
			isa = PBXGroup;
			children = (
				A01833322402CA8E00D71FC7 /* DrawerUITests.swift */,
				A01833342402CA8E00D71FC7 /* Info.plist */,
			);
			path = DrawerUITests;
			sourceTree = "<group>";
		};
		A01833402402CACE00D71FC7 /* Drawer */ = {
			isa = PBXGroup;
			children = (
				A01833412402CAE600D71FC7 /* Drawer.swift */,
				A01833532402F02C00D71FC7 /* DrawerDefine.swift */,
			);
			path = Drawer;
			sourceTree = "<group>";
		};
		A01833492402D46400D71FC7 /* Classes */ = {
			isa = PBXGroup;
			children = (
				A018334B2402D4AA00D71FC7 /* HomePageFlowLayout.swift */,
				A018334D2402E89C00D71FC7 /* HomePagePlainCVCell.swift */,
				A018334E2402E89C00D71FC7 /* HomePagePlainCVCell.xib */,
				A01833512402EB1F00D71FC7 /* UIView+layer.swift */,
			);
			path = Classes;
			sourceTree = "<group>";
		};
		A018334A2402D47300D71FC7 /* ExampleControllers */ = {
			isa = PBXGroup;
			children = (
				A01833552402F28F00D71FC7 /* BaseStyle */,
			);
			path = ExampleControllers;
			sourceTree = "<group>";
		};
		A01833552402F28F00D71FC7 /* BaseStyle */ = {
			isa = PBXGroup;
			children = (
				A01833562402F2AF00D71FC7 /* BaseStyleExampleViewController.swift */,
				A01833572402F2AF00D71FC7 /* BaseStyleExampleViewController.xib */,
			);
			path = BaseStyle;
			sourceTree = "<group>";
		};
/* End PBXGroup section */

/* Begin PBXNativeTarget section */
		A018330C2402CA8C00D71FC7 /* Drawer */ = {
			isa = PBXNativeTarget;
			buildConfigurationList = A01833372402CA8E00D71FC7 /* Build configuration list for PBXNativeTarget "Drawer" */;
			buildPhases = (
				A01833092402CA8C00D71FC7 /* Sources */,
				A018330A2402CA8C00D71FC7 /* Frameworks */,
				A018330B2402CA8C00D71FC7 /* Resources */,
			);
			buildRules = (
			);
			dependencies = (
			);
			name = Drawer;
			productName = Drawer;
			productReference = A018330D2402CA8C00D71FC7 /* Drawer.app */;
			productType = "com.apple.product-type.application";
		};
		A01833222402CA8E00D71FC7 /* DrawerTests */ = {
			isa = PBXNativeTarget;
			buildConfigurationList = A018333A2402CA8E00D71FC7 /* Build configuration list for PBXNativeTarget "DrawerTests" */;
			buildPhases = (
				A018331F2402CA8E00D71FC7 /* Sources */,
				A01833202402CA8E00D71FC7 /* Frameworks */,
				A01833212402CA8E00D71FC7 /* Resources */,
			);
			buildRules = (
			);
			dependencies = (
				A01833252402CA8E00D71FC7 /* PBXTargetDependency */,
			);
			name = DrawerTests;
			productName = DrawerTests;
			productReference = A01833232402CA8E00D71FC7 /* DrawerTests.xctest */;
			productType = "com.apple.product-type.bundle.unit-test";
		};
		A018332D2402CA8E00D71FC7 /* DrawerUITests */ = {
			isa = PBXNativeTarget;
			buildConfigurationList = A018333D2402CA8E00D71FC7 /* Build configuration list for PBXNativeTarget "DrawerUITests" */;
			buildPhases = (
				A018332A2402CA8E00D71FC7 /* Sources */,
				A018332B2402CA8E00D71FC7 /* Frameworks */,
				A018332C2402CA8E00D71FC7 /* Resources */,
			);
			buildRules = (
			);
			dependencies = (
				A01833302402CA8E00D71FC7 /* PBXTargetDependency */,
			);
			name = DrawerUITests;
			productName = DrawerUITests;
			productReference = A018332E2402CA8E00D71FC7 /* DrawerUITests.xctest */;
			productType = "com.apple.product-type.bundle.ui-testing";
		};
/* End PBXNativeTarget section */

/* Begin PBXProject section */
		A01833052402CA8C00D71FC7 /* Project object */ = {
			isa = PBXProject;
			attributes = {
				LastSwiftUpdateCheck = 1130;
				LastUpgradeCheck = 1130;
				ORGANIZATIONNAME = YanYi;
				TargetAttributes = {
					A018330C2402CA8C00D71FC7 = {
						CreatedOnToolsVersion = 11.3.1;
					};
					A01833222402CA8E00D71FC7 = {
						CreatedOnToolsVersion = 11.3.1;
						TestTargetID = A018330C2402CA8C00D71FC7;
					};
					A018332D2402CA8E00D71FC7 = {
						CreatedOnToolsVersion = 11.3.1;
						TestTargetID = A018330C2402CA8C00D71FC7;
					};
				};
			};
			buildConfigurationList = A01833082402CA8C00D71FC7 /* Build configuration list for PBXProject "Drawer" */;
			compatibilityVersion = "Xcode 9.3";
			developmentRegion = en;
			hasScannedForEncodings = 0;
			knownRegions = (
				en,
				Base,
			);
			mainGroup = A01833042402CA8C00D71FC7;
			productRefGroup = A018330E2402CA8C00D71FC7 /* Products */;
			projectDirPath = "";
			projectRoot = "";
			targets = (
				A018330C2402CA8C00D71FC7 /* Drawer */,
				A01833222402CA8E00D71FC7 /* DrawerTests */,
				A018332D2402CA8E00D71FC7 /* DrawerUITests */,
			);
		};
/* End PBXProject section */

/* Begin PBXResourcesBuildPhase section */
		A018330B2402CA8C00D71FC7 /* Resources */ = {
			isa = PBXResourcesBuildPhase;
			buildActionMask = 2147483647;
			files = (
				A01833592402F2AF00D71FC7 /* BaseStyleExampleViewController.xib in Resources */,
				A018331D2402CA8D00D71FC7 /* LaunchScreen.storyboard in Resources */,
				A018331A2402CA8D00D71FC7 /* Assets.xcassets in Resources */,
				A01833482402D0A600D71FC7 /* HomeViewController.xib in Resources */,
				A01833502402E89C00D71FC7 /* HomePagePlainCVCell.xib in Resources */,
			);
			runOnlyForDeploymentPostprocessing = 0;
		};
		A01833212402CA8E00D71FC7 /* Resources */ = {
			isa = PBXResourcesBuildPhase;
			buildActionMask = 2147483647;
			files = (
			);
			runOnlyForDeploymentPostprocessing = 0;
		};
		A018332C2402CA8E00D71FC7 /* Resources */ = {
			isa = PBXResourcesBuildPhase;
			buildActionMask = 2147483647;
			files = (
			);
			runOnlyForDeploymentPostprocessing = 0;
		};
/* End PBXResourcesBuildPhase section */

/* Begin PBXSourcesBuildPhase section */
		A01833092402CA8C00D71FC7 /* Sources */ = {
			isa = PBXSourcesBuildPhase;
			buildActionMask = 2147483647;
			files = (
				A01833522402EB1F00D71FC7 /* UIView+layer.swift in Sources */,
				A01833422402CAE600D71FC7 /* Drawer.swift in Sources */,
				A01833112402CA8C00D71FC7 /* AppDelegate.swift in Sources */,
				A01833472402D0A600D71FC7 /* HomeViewController.swift in Sources */,
				A01833542402F02C00D71FC7 /* DrawerDefine.swift in Sources */,
				A018334C2402D4AA00D71FC7 /* HomePageFlowLayout.swift in Sources */,
				A01833582402F2AF00D71FC7 /* BaseStyleExampleViewController.swift in Sources */,
				A018334F2402E89C00D71FC7 /* HomePagePlainCVCell.swift in Sources */,
			);
			runOnlyForDeploymentPostprocessing = 0;
		};
		A018331F2402CA8E00D71FC7 /* Sources */ = {
			isa = PBXSourcesBuildPhase;
			buildActionMask = 2147483647;
			files = (
				A01833282402CA8E00D71FC7 /* DrawerTests.swift in Sources */,
			);
			runOnlyForDeploymentPostprocessing = 0;
		};
		A018332A2402CA8E00D71FC7 /* Sources */ = {
			isa = PBXSourcesBuildPhase;
			buildActionMask = 2147483647;
			files = (
				A01833332402CA8E00D71FC7 /* DrawerUITests.swift in Sources */,
			);
			runOnlyForDeploymentPostprocessing = 0;
		};
/* End PBXSourcesBuildPhase section */

/* Begin PBXTargetDependency section */
		A01833252402CA8E00D71FC7 /* PBXTargetDependency */ = {
			isa = PBXTargetDependency;
			target = A018330C2402CA8C00D71FC7 /* Drawer */;
			targetProxy = A01833242402CA8E00D71FC7 /* PBXContainerItemProxy */;
		};
		A01833302402CA8E00D71FC7 /* PBXTargetDependency */ = {
			isa = PBXTargetDependency;
			target = A018330C2402CA8C00D71FC7 /* Drawer */;
			targetProxy = A018332F2402CA8E00D71FC7 /* PBXContainerItemProxy */;
		};
/* End PBXTargetDependency section */

/* Begin PBXVariantGroup section */
		A018331B2402CA8D00D71FC7 /* LaunchScreen.storyboard */ = {
			isa = PBXVariantGroup;
			children = (
				A018331C2402CA8D00D71FC7 /* Base */,
			);
			name = LaunchScreen.storyboard;
			sourceTree = "<group>";
		};
/* End PBXVariantGroup section */

/* Begin XCBuildConfiguration section */
		A01833352402CA8E00D71FC7 /* Debug */ = {
			isa = XCBuildConfiguration;
			buildSettings = {
				ALWAYS_SEARCH_USER_PATHS = NO;
				CLANG_ANALYZER_NONNULL = YES;
				CLANG_ANALYZER_NUMBER_OBJECT_CONVERSION = YES_AGGRESSIVE;
				CLANG_CXX_LANGUAGE_STANDARD = "gnu++14";
				CLANG_CXX_LIBRARY = "libc++";
				CLANG_ENABLE_MODULES = YES;
				CLANG_ENABLE_OBJC_ARC = YES;
				CLANG_ENABLE_OBJC_WEAK = YES;
				CLANG_WARN_BLOCK_CAPTURE_AUTORELEASING = YES;
				CLANG_WARN_BOOL_CONVERSION = YES;
				CLANG_WARN_COMMA = YES;
				CLANG_WARN_CONSTANT_CONVERSION = YES;
				CLANG_WARN_DEPRECATED_OBJC_IMPLEMENTATIONS = YES;
				CLANG_WARN_DIRECT_OBJC_ISA_USAGE = YES_ERROR;
				CLANG_WARN_DOCUMENTATION_COMMENTS = YES;
				CLANG_WARN_EMPTY_BODY = YES;
				CLANG_WARN_ENUM_CONVERSION = YES;
				CLANG_WARN_INFINITE_RECURSION = YES;
				CLANG_WARN_INT_CONVERSION = YES;
				CLANG_WARN_NON_LITERAL_NULL_CONVERSION = YES;
				CLANG_WARN_OBJC_IMPLICIT_RETAIN_SELF = YES;
				CLANG_WARN_OBJC_LITERAL_CONVERSION = YES;
				CLANG_WARN_OBJC_ROOT_CLASS = YES_ERROR;
				CLANG_WARN_RANGE_LOOP_ANALYSIS = YES;
				CLANG_WARN_STRICT_PROTOTYPES = YES;
				CLANG_WARN_SUSPICIOUS_MOVE = YES;
				CLANG_WARN_UNGUARDED_AVAILABILITY = YES_AGGRESSIVE;
				CLANG_WARN_UNREACHABLE_CODE = YES;
				CLANG_WARN__DUPLICATE_METHOD_MATCH = YES;
				COPY_PHASE_STRIP = NO;
				DEBUG_INFORMATION_FORMAT = dwarf;
				ENABLE_STRICT_OBJC_MSGSEND = YES;
				ENABLE_TESTABILITY = YES;
				GCC_C_LANGUAGE_STANDARD = gnu11;
				GCC_DYNAMIC_NO_PIC = NO;
				GCC_NO_COMMON_BLOCKS = YES;
				GCC_OPTIMIZATION_LEVEL = 0;
				GCC_PREPROCESSOR_DEFINITIONS = (
					"DEBUG=1",
					"$(inherited)",
				);
				GCC_WARN_64_TO_32_BIT_CONVERSION = YES;
				GCC_WARN_ABOUT_RETURN_TYPE = YES_ERROR;
				GCC_WARN_UNDECLARED_SELECTOR = YES;
				GCC_WARN_UNINITIALIZED_AUTOS = YES_AGGRESSIVE;
				GCC_WARN_UNUSED_FUNCTION = YES;
				GCC_WARN_UNUSED_VARIABLE = YES;
				IPHONEOS_DEPLOYMENT_TARGET = 10.0;
				MTL_ENABLE_DEBUG_INFO = INCLUDE_SOURCE;
				MTL_FAST_MATH = YES;
				ONLY_ACTIVE_ARCH = YES;
				SDKROOT = iphoneos;
				SWIFT_ACTIVE_COMPILATION_CONDITIONS = DEBUG;
				SWIFT_OPTIMIZATION_LEVEL = "-Onone";
			};
			name = Debug;
		};
		A01833362402CA8E00D71FC7 /* Release */ = {
			isa = XCBuildConfiguration;
			buildSettings = {
				ALWAYS_SEARCH_USER_PATHS = NO;
				CLANG_ANALYZER_NONNULL = YES;
				CLANG_ANALYZER_NUMBER_OBJECT_CONVERSION = YES_AGGRESSIVE;
				CLANG_CXX_LANGUAGE_STANDARD = "gnu++14";
				CLANG_CXX_LIBRARY = "libc++";
				CLANG_ENABLE_MODULES = YES;
				CLANG_ENABLE_OBJC_ARC = YES;
				CLANG_ENABLE_OBJC_WEAK = YES;
				CLANG_WARN_BLOCK_CAPTURE_AUTORELEASING = YES;
				CLANG_WARN_BOOL_CONVERSION = YES;
				CLANG_WARN_COMMA = YES;
				CLANG_WARN_CONSTANT_CONVERSION = YES;
				CLANG_WARN_DEPRECATED_OBJC_IMPLEMENTATIONS = YES;
				CLANG_WARN_DIRECT_OBJC_ISA_USAGE = YES_ERROR;
				CLANG_WARN_DOCUMENTATION_COMMENTS = YES;
				CLANG_WARN_EMPTY_BODY = YES;
				CLANG_WARN_ENUM_CONVERSION = YES;
				CLANG_WARN_INFINITE_RECURSION = YES;
				CLANG_WARN_INT_CONVERSION = YES;
				CLANG_WARN_NON_LITERAL_NULL_CONVERSION = YES;
				CLANG_WARN_OBJC_IMPLICIT_RETAIN_SELF = YES;
				CLANG_WARN_OBJC_LITERAL_CONVERSION = YES;
				CLANG_WARN_OBJC_ROOT_CLASS = YES_ERROR;
				CLANG_WARN_RANGE_LOOP_ANALYSIS = YES;
				CLANG_WARN_STRICT_PROTOTYPES = YES;
				CLANG_WARN_SUSPICIOUS_MOVE = YES;
				CLANG_WARN_UNGUARDED_AVAILABILITY = YES_AGGRESSIVE;
				CLANG_WARN_UNREACHABLE_CODE = YES;
				CLANG_WARN__DUPLICATE_METHOD_MATCH = YES;
				COPY_PHASE_STRIP = NO;
				DEBUG_INFORMATION_FORMAT = "dwarf-with-dsym";
				ENABLE_NS_ASSERTIONS = NO;
				ENABLE_STRICT_OBJC_MSGSEND = YES;
				GCC_C_LANGUAGE_STANDARD = gnu11;
				GCC_NO_COMMON_BLOCKS = YES;
				GCC_WARN_64_TO_32_BIT_CONVERSION = YES;
				GCC_WARN_ABOUT_RETURN_TYPE = YES_ERROR;
				GCC_WARN_UNDECLARED_SELECTOR = YES;
				GCC_WARN_UNINITIALIZED_AUTOS = YES_AGGRESSIVE;
				GCC_WARN_UNUSED_FUNCTION = YES;
				GCC_WARN_UNUSED_VARIABLE = YES;
				IPHONEOS_DEPLOYMENT_TARGET = 10.0;
				MTL_ENABLE_DEBUG_INFO = NO;
				MTL_FAST_MATH = YES;
				SDKROOT = iphoneos;
				SWIFT_COMPILATION_MODE = wholemodule;
				SWIFT_OPTIMIZATION_LEVEL = "-O";
				VALIDATE_PRODUCT = YES;
			};
			name = Release;
		};
		A01833382402CA8E00D71FC7 /* Debug */ = {
			isa = XCBuildConfiguration;
			buildSettings = {
				ASSETCATALOG_COMPILER_APPICON_NAME = AppIcon;
				CODE_SIGN_STYLE = Automatic;
				DEVELOPMENT_TEAM = NB834M3BNU;
				INFOPLIST_FILE = Drawer/Info.plist;
				IPHONEOS_DEPLOYMENT_TARGET = 10.0;
				LD_RUNPATH_SEARCH_PATHS = (
					"$(inherited)",
					"@executable_path/Frameworks",
				);
				PRODUCT_BUNDLE_IDENTIFIER = com.YanYi.Drawer;
				PRODUCT_NAME = "$(TARGET_NAME)";
				SWIFT_VERSION = 5.0;
				TARGETED_DEVICE_FAMILY = "1,2";
			};
			name = Debug;
		};
		A01833392402CA8E00D71FC7 /* Release */ = {
			isa = XCBuildConfiguration;
			buildSettings = {
				ASSETCATALOG_COMPILER_APPICON_NAME = AppIcon;
				CODE_SIGN_STYLE = Automatic;
				DEVELOPMENT_TEAM = NB834M3BNU;
				INFOPLIST_FILE = Drawer/Info.plist;
				IPHONEOS_DEPLOYMENT_TARGET = 10.0;
				LD_RUNPATH_SEARCH_PATHS = (
					"$(inherited)",
					"@executable_path/Frameworks",
				);
				PRODUCT_BUNDLE_IDENTIFIER = com.YanYi.Drawer;
				PRODUCT_NAME = "$(TARGET_NAME)";
				SWIFT_VERSION = 5.0;
				TARGETED_DEVICE_FAMILY = "1,2";
			};
			name = Release;
		};
		A018333B2402CA8E00D71FC7 /* Debug */ = {
			isa = XCBuildConfiguration;
			buildSettings = {
				ALWAYS_EMBED_SWIFT_STANDARD_LIBRARIES = YES;
				BUNDLE_LOADER = "$(TEST_HOST)";
				CODE_SIGN_STYLE = Automatic;
				DEVELOPMENT_TEAM = NB834M3BNU;
				INFOPLIST_FILE = DrawerTests/Info.plist;
				IPHONEOS_DEPLOYMENT_TARGET = 13.2;
				LD_RUNPATH_SEARCH_PATHS = (
					"$(inherited)",
					"@executable_path/Frameworks",
					"@loader_path/Frameworks",
				);
				PRODUCT_BUNDLE_IDENTIFIER = com.YanYi.DrawerTests;
				PRODUCT_NAME = "$(TARGET_NAME)";
				SWIFT_VERSION = 5.0;
				TARGETED_DEVICE_FAMILY = "1,2";
				TEST_HOST = "$(BUILT_PRODUCTS_DIR)/Drawer.app/Drawer";
			};
			name = Debug;
		};
		A018333C2402CA8E00D71FC7 /* Release */ = {
			isa = XCBuildConfiguration;
			buildSettings = {
				ALWAYS_EMBED_SWIFT_STANDARD_LIBRARIES = YES;
				BUNDLE_LOADER = "$(TEST_HOST)";
				CODE_SIGN_STYLE = Automatic;
				DEVELOPMENT_TEAM = NB834M3BNU;
				INFOPLIST_FILE = DrawerTests/Info.plist;
				IPHONEOS_DEPLOYMENT_TARGET = 13.2;
				LD_RUNPATH_SEARCH_PATHS = (
					"$(inherited)",
					"@executable_path/Frameworks",
					"@loader_path/Frameworks",
				);
				PRODUCT_BUNDLE_IDENTIFIER = com.YanYi.DrawerTests;
				PRODUCT_NAME = "$(TARGET_NAME)";
				SWIFT_VERSION = 5.0;
				TARGETED_DEVICE_FAMILY = "1,2";
				TEST_HOST = "$(BUILT_PRODUCTS_DIR)/Drawer.app/Drawer";
			};
			name = Release;
		};
		A018333E2402CA8E00D71FC7 /* Debug */ = {
			isa = XCBuildConfiguration;
			buildSettings = {
				ALWAYS_EMBED_SWIFT_STANDARD_LIBRARIES = YES;
				CODE_SIGN_STYLE = Automatic;
				DEVELOPMENT_TEAM = NB834M3BNU;
				INFOPLIST_FILE = DrawerUITests/Info.plist;
				LD_RUNPATH_SEARCH_PATHS = (
					"$(inherited)",
					"@executable_path/Frameworks",
					"@loader_path/Frameworks",
				);
				PRODUCT_BUNDLE_IDENTIFIER = com.YanYi.DrawerUITests;
				PRODUCT_NAME = "$(TARGET_NAME)";
				SWIFT_VERSION = 5.0;
				TARGETED_DEVICE_FAMILY = "1,2";
				TEST_TARGET_NAME = Drawer;
			};
			name = Debug;
		};
		A018333F2402CA8E00D71FC7 /* Release */ = {
			isa = XCBuildConfiguration;
			buildSettings = {
				ALWAYS_EMBED_SWIFT_STANDARD_LIBRARIES = YES;
				CODE_SIGN_STYLE = Automatic;
				DEVELOPMENT_TEAM = NB834M3BNU;
				INFOPLIST_FILE = DrawerUITests/Info.plist;
				LD_RUNPATH_SEARCH_PATHS = (
					"$(inherited)",
					"@executable_path/Frameworks",
					"@loader_path/Frameworks",
				);
				PRODUCT_BUNDLE_IDENTIFIER = com.YanYi.DrawerUITests;
				PRODUCT_NAME = "$(TARGET_NAME)";
				SWIFT_VERSION = 5.0;
				TARGETED_DEVICE_FAMILY = "1,2";
				TEST_TARGET_NAME = Drawer;
			};
			name = Release;
		};
/* End XCBuildConfiguration section */

/* Begin XCConfigurationList section */
		A01833082402CA8C00D71FC7 /* Build configuration list for PBXProject "Drawer" */ = {
			isa = XCConfigurationList;
			buildConfigurations = (
				A01833352402CA8E00D71FC7 /* Debug */,
				A01833362402CA8E00D71FC7 /* Release */,
			);
			defaultConfigurationIsVisible = 0;
			defaultConfigurationName = Release;
		};
		A01833372402CA8E00D71FC7 /* Build configuration list for PBXNativeTarget "Drawer" */ = {
			isa = XCConfigurationList;
			buildConfigurations = (
				A01833382402CA8E00D71FC7 /* Debug */,
				A01833392402CA8E00D71FC7 /* Release */,
			);
			defaultConfigurationIsVisible = 0;
			defaultConfigurationName = Release;
		};
		A018333A2402CA8E00D71FC7 /* Build configuration list for PBXNativeTarget "DrawerTests" */ = {
			isa = XCConfigurationList;
			buildConfigurations = (
				A018333B2402CA8E00D71FC7 /* Debug */,
				A018333C2402CA8E00D71FC7 /* Release */,
			);
			defaultConfigurationIsVisible = 0;
			defaultConfigurationName = Release;
		};
		A018333D2402CA8E00D71FC7 /* Build configuration list for PBXNativeTarget "DrawerUITests" */ = {
			isa = XCConfigurationList;
			buildConfigurations = (
				A018333E2402CA8E00D71FC7 /* Debug */,
				A018333F2402CA8E00D71FC7 /* Release */,
			);
			defaultConfigurationIsVisible = 0;
			defaultConfigurationName = Release;
		};
/* End XCConfigurationList section */
	};
	rootObject = A01833052402CA8C00D71FC7 /* Project object */;
}
